
Microsoft Visual Studio Solution File, Format Version 12.00
# Visual Studio 15
VisualStudioVersion = 15.0.27130.2036
MinimumVisualStudioVersion = 10.0.40219.1
Project("{9A19103F-16F7-4668-BE54-9A1E7A4F7556}") = "AzureFunctions", "AzureFunctions\AzureFunctions.csproj", "{89FB2EA1-B8D9-485F-A6D9-472DBF44AB3C}"
EndProject
Project("{FAE04EC0-301F-11D3-BF4B-00C04F79EFBC}") = "UtilitiesPOC", "UtilitiesPOC\UtilitiesPOC.csproj", "{816A1091-2F0F-450D-97B8-FCE470D740A8}"
EndProject
Project("{FAE04EC0-301F-11D3-BF4B-00C04F79EFBC}") = "ConsoleAppTester", "ConsoleAppTester\ConsoleAppTester.csproj", "{F2493900-BF9B-421D-955A-81A5F0557AEE}"
EndProject
Project("{159641D6-6404-4A2A-AE62-294DE0FE8301}") = "AzureETL", "AzureETL\AzureETL.dtproj", "{99CE09C8-B99C-46B6-9A5C-7469B243A112}"
EndProject
Project("{FAE04EC0-301F-11D3-BF4B-00C04F79EFBC}") = "AzureOAuthClient", "AzureOAuthClient\AzureOAuthClient.csproj", "{B1986CC6-5B62-44F2-90A8-1B11E4539FB5}"
EndProject
Global
	GlobalSection(SolutionConfigurationPlatforms) = preSolution
		Debug|Any CPU = Debug|Any CPU
		Development|Any CPU = Development|Any CPU
		Release|Any CPU = Release|Any CPU
	EndGlobalSection
	GlobalSection(ProjectConfigurationPlatforms) = postSolution
		{89FB2EA1-B8D9-485F-A6D9-472DBF44AB3C}.Debug|Any CPU.ActiveCfg = Debug|Any CPU
		{89FB2EA1-B8D9-485F-A6D9-472DBF44AB3C}.Debug|Any CPU.Build.0 = Debug|Any CPU
		{89FB2EA1-B8D9-485F-A6D9-472DBF44AB3C}.Development|Any CPU.ActiveCfg = Debug|Any CPU
		{89FB2EA1-B8D9-485F-A6D9-472DBF44AB3C}.Development|Any CPU.Build.0 = Debug|Any CPU
		{89FB2EA1-B8D9-485F-A6D9-472DBF44AB3C}.Release|Any CPU.ActiveCfg = Release|Any CPU
		{89FB2EA1-B8D9-485F-A6D9-472DBF44AB3C}.Release|Any CPU.Build.0 = Release|Any CPU
		{816A1091-2F0F-450D-97B8-FCE470D740A8}.Debug|Any CPU.ActiveCfg = Debug|Any CPU
		{816A1091-2F0F-450D-97B8-FCE470D740A8}.Debug|Any CPU.Build.0 = Debug|Any CPU
		{816A1091-2F0F-450D-97B8-FCE470D740A8}.Development|Any CPU.ActiveCfg = Debug|Any CPU
		{816A1091-2F0F-450D-97B8-FCE470D740A8}.Development|Any CPU.Build.0 = Debug|Any CPU
		{816A1091-2F0F-450D-97B8-FCE470D740A8}.Release|Any CPU.ActiveCfg = Release|Any CPU
		{816A1091-2F0F-450D-97B8-FCE470D740A8}.Release|Any CPU.Build.0 = Release|Any CPU
		{F2493900-BF9B-421D-955A-81A5F0557AEE}.Debug|Any CPU.ActiveCfg = Debug|Any CPU
		{F2493900-BF9B-421D-955A-81A5F0557AEE}.Debug|Any CPU.Build.0 = Debug|Any CPU
		{F2493900-BF9B-421D-955A-81A5F0557AEE}.Development|Any CPU.ActiveCfg = Debug|Any CPU
		{F2493900-BF9B-421D-955A-81A5F0557AEE}.Development|Any CPU.Build.0 = Debug|Any CPU
		{F2493900-BF9B-421D-955A-81A5F0557AEE}.Release|Any CPU.ActiveCfg = Release|Any CPU
		{F2493900-BF9B-421D-955A-81A5F0557AEE}.Release|Any CPU.Build.0 = Release|Any CPU
		{99CE09C8-B99C-46B6-9A5C-7469B243A112}.Debug|Any CPU.ActiveCfg = Development
		{99CE09C8-B99C-46B6-9A5C-7469B243A112}.Debug|Any CPU.Build.0 = Development
		{99CE09C8-B99C-46B6-9A5C-7469B243A112}.Development|Any CPU.ActiveCfg = Development
		{99CE09C8-B99C-46B6-9A5C-7469B243A112}.Development|Any CPU.Build.0 = Development
		{99CE09C8-B99C-46B6-9A5C-7469B243A112}.Release|Any CPU.ActiveCfg = Development
		{99CE09C8-B99C-46B6-9A5C-7469B243A112}.Release|Any CPU.Build.0 = Development
		{B1986CC6-5B62-44F2-90A8-1B11E4539FB5}.Debug|Any CPU.ActiveCfg = Debug|Any CPU
		{B1986CC6-5B62-44F2-90A8-1B11E4539FB5}.Debug|Any CPU.Build.0 = Debug|Any CPU
		{B1986CC6-5B62-44F2-90A8-1B11E4539FB5}.Development|Any CPU.ActiveCfg = Debug|Any CPU
		{B1986CC6-5B62-44F2-90A8-1B11E4539FB5}.Development|Any CPU.Build.0 = Debug|Any CPU
		{B1986CC6-5B62-44F2-90A8-1B11E4539FB5}.Release|Any CPU.ActiveCfg = Release|Any CPU
		{B1986CC6-5B62-44F2-90A8-1B11E4539FB5}.Release|Any CPU.Build.0 = Release|Any CPU
	EndGlobalSection
	GlobalSection(SolutionProperties) = preSolution
		HideSolutionNode = FALSE
	EndGlobalSection
	GlobalSection(ExtensibilityGlobals) = postSolution
		SolutionGuid = {DE51FAA4-245A-4881-A32D-6F480CF1C1D0}
	EndGlobalSection
EndGlobal
